
Microsoft Visual Studio Solution File, Format Version 12.00
# Visual Studio Version 16
VisualStudioVersion = 16.0.30523.141
MinimumVisualStudioVersion = 10.0.40219.1
Project("{2150E333-8FDC-42A3-9474-1A3956D46DE8}") = "src", "src", "{52ED62A4-B357-46F5-8275-8CD7C66FA665}"
EndProject
Project("{2150E333-8FDC-42A3-9474-1A3956D46DE8}") = "Building Blocks", "Building Blocks", "{3DA851EE-80DB-48FE-8E99-B62151D5BDCB}"
EndProject
Project("{2150E333-8FDC-42A3-9474-1A3956D46DE8}") = "Services", "Services", "{784402F2-E28E-4A55-9761-ACFE1B1D9641}"
EndProject
Project("{2150E333-8FDC-42A3-9474-1A3956D46DE8}") = "Identidade", "Identidade", "{8FD50D2D-B905-434D-A070-E6F0D105294F}"
EndProject
Project("{9A19103F-16F7-4668-BE54-9A1E7A4F7556}") = "PP.Identidade.API", "src\services\PP.Identidade.API\PP.Identidade.API.csproj", "{11CE7EEE-597E-472A-87B8-20D21CE94872}"
EndProject
Project("{2150E333-8FDC-42A3-9474-1A3956D46DE8}") = "Core", "Core", "{EBBE4410-E2DD-42C6-8CC1-0FF1C4FB613E}"
EndProject
Project("{9A19103F-16F7-4668-BE54-9A1E7A4F7556}") = "PP.Core", "src\building blocks\PP.Core\PP.Core.csproj", "{EADFA83C-5C51-4747-9134-07A829DF71F0}"
EndProject
Project("{2150E333-8FDC-42A3-9474-1A3956D46DE8}") = "Usuario", "Usuario", "{C530AEA4-9F9E-4B75-90B1-D5FB0FB51EC4}"
EndProject
Project("{2150E333-8FDC-42A3-9474-1A3956D46DE8}") = "Treino", "Treino", "{00F8214A-6C68-48D4-B960-02EF1473C395}"
EndProject
Project("{9A19103F-16F7-4668-BE54-9A1E7A4F7556}") = "PP.Usuario.API", "src\services\PP.Usuario.API\PP.Usuario.API.csproj", "{B29AD03B-199C-4176-8537-55DD8D2F23B0}"
EndProject
Project("{2150E333-8FDC-42A3-9474-1A3956D46DE8}") = "Permissao", "Permissao", "{508ECE25-4641-47BF-BA3C-AA715CA90F41}"
EndProject
Project("{9A19103F-16F7-4668-BE54-9A1E7A4F7556}") = "PP.Treino.API", "src\services\PP.Treino.API\PP.Treino.API.csproj", "{CEC15127-32C6-4F77-975C-8BDA1489F7E4}"
EndProject
Project("{9A19103F-16F7-4668-BE54-9A1E7A4F7556}") = "PP.Permissao.API", "src\services\PP.Permissao.API\PP.Permissao.API.csproj", "{AD739333-6E1B-41AC-956C-A4AFF4CB736C}"
EndProject
Global
	GlobalSection(SolutionConfigurationPlatforms) = preSolution
		Debug|Any CPU = Debug|Any CPU
		Release|Any CPU = Release|Any CPU
	EndGlobalSection
	GlobalSection(ProjectConfigurationPlatforms) = postSolution
		{11CE7EEE-597E-472A-87B8-20D21CE94872}.Debug|Any CPU.ActiveCfg = Debug|Any CPU
		{11CE7EEE-597E-472A-87B8-20D21CE94872}.Debug|Any CPU.Build.0 = Debug|Any CPU
		{11CE7EEE-597E-472A-87B8-20D21CE94872}.Release|Any CPU.ActiveCfg = Release|Any CPU
		{11CE7EEE-597E-472A-87B8-20D21CE94872}.Release|Any CPU.Build.0 = Release|Any CPU
		{EADFA83C-5C51-4747-9134-07A829DF71F0}.Debug|Any CPU.ActiveCfg = Debug|Any CPU
		{EADFA83C-5C51-4747-9134-07A829DF71F0}.Debug|Any CPU.Build.0 = Debug|Any CPU
		{EADFA83C-5C51-4747-9134-07A829DF71F0}.Release|Any CPU.ActiveCfg = Release|Any CPU
		{EADFA83C-5C51-4747-9134-07A829DF71F0}.Release|Any CPU.Build.0 = Release|Any CPU
		{B29AD03B-199C-4176-8537-55DD8D2F23B0}.Debug|Any CPU.ActiveCfg = Debug|Any CPU
		{B29AD03B-199C-4176-8537-55DD8D2F23B0}.Debug|Any CPU.Build.0 = Debug|Any CPU
		{B29AD03B-199C-4176-8537-55DD8D2F23B0}.Release|Any CPU.ActiveCfg = Release|Any CPU
		{B29AD03B-199C-4176-8537-55DD8D2F23B0}.Release|Any CPU.Build.0 = Release|Any CPU
		{CEC15127-32C6-4F77-975C-8BDA1489F7E4}.Debug|Any CPU.ActiveCfg = Debug|Any CPU
		{CEC15127-32C6-4F77-975C-8BDA1489F7E4}.Debug|Any CPU.Build.0 = Debug|Any CPU
		{CEC15127-32C6-4F77-975C-8BDA1489F7E4}.Release|Any CPU.ActiveCfg = Release|Any CPU
		{CEC15127-32C6-4F77-975C-8BDA1489F7E4}.Release|Any CPU.Build.0 = Release|Any CPU
		{AD739333-6E1B-41AC-956C-A4AFF4CB736C}.Debug|Any CPU.ActiveCfg = Debug|Any CPU
		{AD739333-6E1B-41AC-956C-A4AFF4CB736C}.Debug|Any CPU.Build.0 = Debug|Any CPU
		{AD739333-6E1B-41AC-956C-A4AFF4CB736C}.Release|Any CPU.ActiveCfg = Release|Any CPU
		{AD739333-6E1B-41AC-956C-A4AFF4CB736C}.Release|Any CPU.Build.0 = Release|Any CPU
	EndGlobalSection
	GlobalSection(SolutionProperties) = preSolution
		HideSolutionNode = FALSE
	EndGlobalSection
	GlobalSection(NestedProjects) = preSolution
		{3DA851EE-80DB-48FE-8E99-B62151D5BDCB} = {52ED62A4-B357-46F5-8275-8CD7C66FA665}
		{784402F2-E28E-4A55-9761-ACFE1B1D9641} = {52ED62A4-B357-46F5-8275-8CD7C66FA665}
		{8FD50D2D-B905-434D-A070-E6F0D105294F} = {784402F2-E28E-4A55-9761-ACFE1B1D9641}
		{11CE7EEE-597E-472A-87B8-20D21CE94872} = {8FD50D2D-B905-434D-A070-E6F0D105294F}
		{EBBE4410-E2DD-42C6-8CC1-0FF1C4FB613E} = {3DA851EE-80DB-48FE-8E99-B62151D5BDCB}
		{EADFA83C-5C51-4747-9134-07A829DF71F0} = {EBBE4410-E2DD-42C6-8CC1-0FF1C4FB613E}
		{C530AEA4-9F9E-4B75-90B1-D5FB0FB51EC4} = {784402F2-E28E-4A55-9761-ACFE1B1D9641}
		{00F8214A-6C68-48D4-B960-02EF1473C395} = {784402F2-E28E-4A55-9761-ACFE1B1D9641}
		{B29AD03B-199C-4176-8537-55DD8D2F23B0} = {C530AEA4-9F9E-4B75-90B1-D5FB0FB51EC4}
		{508ECE25-4641-47BF-BA3C-AA715CA90F41} = {784402F2-E28E-4A55-9761-ACFE1B1D9641}
		{CEC15127-32C6-4F77-975C-8BDA1489F7E4} = {00F8214A-6C68-48D4-B960-02EF1473C395}
		{AD739333-6E1B-41AC-956C-A4AFF4CB736C} = {508ECE25-4641-47BF-BA3C-AA715CA90F41}
	EndGlobalSection
	GlobalSection(ExtensibilityGlobals) = postSolution
		SolutionGuid = {59D862D9-D082-4A5E-8EEA-DCAA5C7EC55F}
	EndGlobalSection
EndGlobal
